
Microsoft Visual Studio Solution File, Format Version 12.00
# Visual Studio Version 17
VisualStudioVersion = 17.11.35327.3
MinimumVisualStudioVersion = 10.0.40219.1
Project("{FAE04EC0-301F-11D3-BF4B-00C04F79EFBC}") = "BasicSocialMediaAppAPI", "BasicSocialMediaAppAPI\BasicSocialMediaAppAPI.csproj", "{5F23DC1E-3E2E-495D-B66C-5F148399DA0E}"
EndProject
Project("{FAE04EC0-301F-11D3-BF4B-00C04F79EFBC}") = "BasicSocialMediaAppMVC", "BasicSocialMediaAppMVC\BasicSocialMediaAppMVC.csproj", "{A9C5D211-4B8D-49FE-B503-EF92123C125F}"
EndProject
Global
	GlobalSection(SolutionConfigurationPlatforms) = preSolution
		Debug|Any CPU = Debug|Any CPU
		Release|Any CPU = Release|Any CPU
	EndGlobalSection
	GlobalSection(ProjectConfigurationPlatforms) = postSolution
		{5F23DC1E-3E2E-495D-B66C-5F148399DA0E}.Debug|Any CPU.ActiveCfg = Debug|Any CPU
		{5F23DC1E-3E2E-495D-B66C-5F148399DA0E}.Debug|Any CPU.Build.0 = Debug|Any CPU
		{5F23DC1E-3E2E-495D-B66C-5F148399DA0E}.Release|Any CPU.ActiveCfg = Release|Any CPU
		{5F23DC1E-3E2E-495D-B66C-5F148399DA0E}.Release|Any CPU.Build.0 = Release|Any CPU
		{A9C5D211-4B8D-49FE-B503-EF92123C125F}.Debug|Any CPU.ActiveCfg = Debug|Any CPU
		{A9C5D211-4B8D-49FE-B503-EF92123C125F}.Debug|Any CPU.Build.0 = Debug|Any CPU
		{A9C5D211-4B8D-49FE-B503-EF92123C125F}.Release|Any CPU.ActiveCfg = Release|Any CPU
		{A9C5D211-4B8D-49FE-B503-EF92123C125F}.Release|Any CPU.Build.0 = Release|Any CPU
	EndGlobalSection
	GlobalSection(SolutionProperties) = preSolution
		HideSolutionNode = FALSE
	EndGlobalSection
	GlobalSection(ExtensibilityGlobals) = postSolution
		SolutionGuid = {A6341A76-90EA-465C-9BAD-6A39EB2703B2}
	EndGlobalSection
EndGlobal
